
Microsoft Visual Studio Solution File, Format Version 12.00
# Visual Studio Version 17
VisualStudioVersion = 17.11.35222.181
MinimumVisualStudioVersion = 10.0.40219.1
Project("{8BC9CEB8-8B4A-11D0-8D11-00A0C91BC942}") = "Lab9.1", "Lab9.1\Lab9.1.vcxproj", "{71D08800-D8C1-430C-9983-69575F59A178}"
EndProject
Project("{8BC9CEB8-8B4A-11D0-8D11-00A0C91BC942}") = "UnitTest1", "UnitTest1\UnitTest1.vcxproj", "{7EEC54D1-BBC1-4103-892A-12B433646380}"
EndProject
Global
	GlobalSection(SolutionConfigurationPlatforms) = preSolution
		Debug|x64 = Debug|x64
		Debug|x86 = Debug|x86
		Release|x64 = Release|x64
		Release|x86 = Release|x86
	EndGlobalSection
	GlobalSection(ProjectConfigurationPlatforms) = postSolution
		{71D08800-D8C1-430C-9983-69575F59A178}.Debug|x64.ActiveCfg = Debug|x64
		{71D08800-D8C1-430C-9983-69575F59A178}.Debug|x64.Build.0 = Debug|x64
		{71D08800-D8C1-430C-9983-69575F59A178}.Debug|x86.ActiveCfg = Debug|Win32
		{71D08800-D8C1-430C-9983-69575F59A178}.Debug|x86.Build.0 = Debug|Win32
		{71D08800-D8C1-430C-9983-69575F59A178}.Release|x64.ActiveCfg = Release|x64
		{71D08800-D8C1-430C-9983-69575F59A178}.Release|x64.Build.0 = Release|x64
		{71D08800-D8C1-430C-9983-69575F59A178}.Release|x86.ActiveCfg = Release|Win32
		{71D08800-D8C1-430C-9983-69575F59A178}.Release|x86.Build.0 = Release|Win32
		{7EEC54D1-BBC1-4103-892A-12B433646380}.Debug|x64.ActiveCfg = Debug|x64
		{7EEC54D1-BBC1-4103-892A-12B433646380}.Debug|x64.Build.0 = Debug|x64
		{7EEC54D1-BBC1-4103-892A-12B433646380}.Debug|x86.ActiveCfg = Debug|Win32
		{7EEC54D1-BBC1-4103-892A-12B433646380}.Debug|x86.Build.0 = Debug|Win32
		{7EEC54D1-BBC1-4103-892A-12B433646380}.Release|x64.ActiveCfg = Release|x64
		{7EEC54D1-BBC1-4103-892A-12B433646380}.Release|x64.Build.0 = Release|x64
		{7EEC54D1-BBC1-4103-892A-12B433646380}.Release|x86.ActiveCfg = Release|Win32
		{7EEC54D1-BBC1-4103-892A-12B433646380}.Release|x86.Build.0 = Release|Win32
	EndGlobalSection
	GlobalSection(SolutionProperties) = preSolution
		HideSolutionNode = FALSE
	EndGlobalSection
	GlobalSection(ExtensibilityGlobals) = postSolution
		SolutionGuid = {A90A3390-8AC5-4D4F-AD4A-ACBBE53179DC}
	EndGlobalSection
EndGlobal
